{
  "version": 4,
  "terraform_version": "1.14.0",
  "serial": 71,
  "lineage": "c4347e50-f906-f59b-138d-682ae7d597d9",
  "outputs": {
    "app_service_url": {
      "value": "app-kiosk-getavailabledates-dev.azurewebsites.net",
      "type": "string"
    },
    "resource_group_name": {
      "value": "rg-kiosk-dev",
      "type": "string"
    }
  },
  "resources": [
    {
      "mode": "data",
      "type": "azurerm_client_config",
      "name": "current",
      "provider": "provider[\"registry.terraform.io/hashicorp/azurerm\"]",
      "instances": [
        {
          "schema_version": 0,
          "attributes": {
            "client_id": "04b07795-8ddb-461a-bbee-02f9e1bf7b46",
            "id": "Y2xpZW50Q29uZmlncy9jbGllbnRJZD0wNGIwNzc5NS04ZGRiLTQ2MWEtYmJlZS0wMmY5ZTFiZjdiNDY7b2JqZWN0SWQ9OWU2YWZjYjgtNGVjYS00NmU1LWJjOGEtNGMxN2UwOTA2NzU3O3N1YnNjcmlwdGlvbklkPTE2NjI0NmVhLTA2ZjktNDIzMy1hMTQyLWYzNGI2ZWE1NGRmMTt0ZW5hbnRJZD0xNDZhMDYzNi1jZTc0LTQ3M2UtYjM5YS01NjNmZmEwMjM5YTE=",
            "object_id": "9e6afcb8-4eca-46e5-bc8a-4c17e0906757",
            "subscription_id": "166246ea-06f9-4233-a142-f34b6ea54df1",
            "tenant_id": "146a0636-ce74-473e-b39a-563ffa0239a1",
            "timeouts": null
          },
          "sensitive_attributes": [],
          "identity_schema_version": 0
        }
      ]
    },
    {
      "mode": "managed",
      "type": "azurerm_key_vault",
      "name": "kiosk_kv",
      "provider": "provider[\"registry.terraform.io/hashicorp/azurerm\"]",
      "instances": [
        {
          "schema_version": 2,
          "attributes": {
            "access_policy": [
              {
                "application_id": "",
                "certificate_permissions": [],
                "key_permissions": [],
                "object_id": "3308857f-7928-4dcd-a483-dfdbaa5bb06d",
                "secret_permissions": [
                  "Get",
                  "List"
                ],
                "storage_permissions": [],
                "tenant_id": "146a0636-ce74-473e-b39a-563ffa0239a1"
              },
              {
                "application_id": "",
                "certificate_permissions": [],
                "key_permissions": [],
                "object_id": "9e6afcb8-4eca-46e5-bc8a-4c17e0906757",
                "secret_permissions": [
                  "Get",
                  "List",
                  "Set"
                ],
                "storage_permissions": [],
                "tenant_id": "146a0636-ce74-473e-b39a-563ffa0239a1"
              }
            ],
            "contact": [],
            "enable_rbac_authorization": false,
            "enabled_for_deployment": false,
            "enabled_for_disk_encryption": false,
            "enabled_for_template_deployment": false,
            "id": "/subscriptions/166246ea-06f9-4233-a142-f34b6ea54df1/resourceGroups/rg-kiosk-dev/providers/Microsoft.KeyVault/vaults/kv-kiosk-dev",
            "location": "westus2",
            "name": "kv-kiosk-dev",
            "network_acls": [
              {
                "bypass": "AzureServices",
                "default_action": "Allow",
                "ip_rules": [],
                "virtual_network_subnet_ids": []
              }
            ],
            "public_network_access_enabled": true,
            "purge_protection_enabled": false,
            "resource_group_name": "rg-kiosk-dev",
            "sku_name": "standard",
            "soft_delete_retention_days": 7,
            "tags": {},
            "tenant_id": "146a0636-ce74-473e-b39a-563ffa0239a1",
            "timeouts": null,
            "vault_uri": "https://kv-kiosk-dev.vault.azure.net/"
          },
          "sensitive_attributes": [],
          "identity_schema_version": 0,
          "private": "eyJlMmJmYjczMC1lY2FhLTExZTYtOGY4OC0zNDM2M2JjN2M0YzAiOnsiY3JlYXRlIjoxODAwMDAwMDAwMDAwLCJkZWxldGUiOjE4MDAwMDAwMDAwMDAsInJlYWQiOjMwMDAwMDAwMDAwMCwidXBkYXRlIjoxODAwMDAwMDAwMDAwfSwic2NoZW1hX3ZlcnNpb24iOiIyIn0=",
          "dependencies": [
            "azurerm_resource_group.rg",
            "data.azurerm_client_config.current"
          ]
        }
      ]
    },
    {
      "mode": "managed",
      "type": "azurerm_key_vault_access_policy",
      "name": "app_access",
      "provider": "provider[\"registry.terraform.io/hashicorp/azurerm\"]",
      "instances": [
        {
          "schema_version": 0,
          "attributes": {
            "application_id": "",
            "certificate_permissions": [],
            "id": "/subscriptions/166246ea-06f9-4233-a142-f34b6ea54df1/resourceGroups/rg-kiosk-dev/providers/Microsoft.KeyVault/vaults/kv-kiosk-dev/objectId/3308857f-7928-4dcd-a483-dfdbaa5bb06d",
            "key_permissions": [],
            "key_vault_id": "/subscriptions/166246ea-06f9-4233-a142-f34b6ea54df1/resourceGroups/rg-kiosk-dev/providers/Microsoft.KeyVault/vaults/kv-kiosk-dev",
            "object_id": "3308857f-7928-4dcd-a483-dfdbaa5bb06d",
            "secret_permissions": [
              "Get",
              "List"
            ],
            "storage_permissions": [],
            "tenant_id": "146a0636-ce74-473e-b39a-563ffa0239a1",
            "timeouts": null
          },
          "sensitive_attributes": [],
          "identity_schema_version": 0,
          "private": "eyJlMmJmYjczMC1lY2FhLTExZTYtOGY4OC0zNDM2M2JjN2M0YzAiOnsiY3JlYXRlIjoxODAwMDAwMDAwMDAwLCJkZWxldGUiOjE4MDAwMDAwMDAwMDAsInJlYWQiOjMwMDAwMDAwMDAwMCwidXBkYXRlIjoxODAwMDAwMDAwMDAwfX0=",
          "dependencies": [
            "azurerm_key_vault.kiosk_kv",
            "azurerm_key_vault_access_policy.terraform_user",
            "azurerm_key_vault_secret.sql_conn",
            "azurerm_mssql_database.sql_db",
            "azurerm_mssql_server.sql_server",
            "azurerm_private_endpoint.sql_pe",
            "azurerm_resource_group.rg",
            "azurerm_service_plan.plan",
            "azurerm_subnet.pe_subnet",
            "azurerm_virtual_network.kiosk_vnet",
            "azurerm_windows_web_app.app",
            "data.azurerm_client_config.current"
          ]
        }
      ]
    },
    {
      "mode": "managed",
      "type": "azurerm_key_vault_access_policy",
      "name": "terraform_user",
      "provider": "provider[\"registry.terraform.io/hashicorp/azurerm\"]",
      "instances": [
        {
          "schema_version": 0,
          "attributes": {
            "application_id": "",
            "certificate_permissions": [],
            "id": "/subscriptions/166246ea-06f9-4233-a142-f34b6ea54df1/resourceGroups/rg-kiosk-dev/providers/Microsoft.KeyVault/vaults/kv-kiosk-dev/objectId/9e6afcb8-4eca-46e5-bc8a-4c17e0906757",
            "key_permissions": [],
            "key_vault_id": "/subscriptions/166246ea-06f9-4233-a142-f34b6ea54df1/resourceGroups/rg-kiosk-dev/providers/Microsoft.KeyVault/vaults/kv-kiosk-dev",
            "object_id": "9e6afcb8-4eca-46e5-bc8a-4c17e0906757",
            "secret_permissions": [
              "Get",
              "List",
              "Set"
            ],
            "storage_permissions": [],
            "tenant_id": "146a0636-ce74-473e-b39a-563ffa0239a1",
            "timeouts": null
          },
          "sensitive_attributes": [],
          "identity_schema_version": 0,
          "private": "eyJlMmJmYjczMC1lY2FhLTExZTYtOGY4OC0zNDM2M2JjN2M0YzAiOnsiY3JlYXRlIjoxODAwMDAwMDAwMDAwLCJkZWxldGUiOjE4MDAwMDAwMDAwMDAsInJlYWQiOjMwMDAwMDAwMDAwMCwidXBkYXRlIjoxODAwMDAwMDAwMDAwfX0=",
          "dependencies": [
            "azurerm_key_vault.kiosk_kv",
            "azurerm_resource_group.rg",
            "data.azurerm_client_config.current"
          ]
        }
      ]
    },
    {
      "mode": "managed",
      "type": "azurerm_key_vault_secret",
      "name": "sql_conn",
      "provider": "provider[\"registry.terraform.io/hashicorp/azurerm\"]",
      "instances": [
        {
          "schema_version": 0,
          "attributes": {
            "content_type": "",
            "expiration_date": null,
            "id": "https://kv-kiosk-dev.vault.azure.net/secrets/sql-connection-string/6645ac46a7f84ea3a5b7196427e9c3dc",
            "key_vault_id": "/subscriptions/166246ea-06f9-4233-a142-f34b6ea54df1/resourceGroups/rg-kiosk-dev/providers/Microsoft.KeyVault/vaults/kv-kiosk-dev",
            "name": "sql-connection-string",
            "not_before_date": null,
            "resource_id": "/subscriptions/166246ea-06f9-4233-a142-f34b6ea54df1/resourceGroups/rg-kiosk-dev/providers/Microsoft.KeyVault/vaults/kv-kiosk-dev/secrets/sql-connection-string/versions/6645ac46a7f84ea3a5b7196427e9c3dc",
            "resource_versionless_id": "/subscriptions/166246ea-06f9-4233-a142-f34b6ea54df1/resourceGroups/rg-kiosk-dev/providers/Microsoft.KeyVault/vaults/kv-kiosk-dev/secrets/sql-connection-string",
            "tags": {},
            "timeouts": null,
            "value": "Server=tcp:sql-kiosk-dev.database.windows.net,1433;Database=db-kiosk;User ID=sqladminuser;Password=StrongP@ssword12345;Encrypt=true;Connection Timeout=30;",
            "version": "6645ac46a7f84ea3a5b7196427e9c3dc",
            "versionless_id": "https://kv-kiosk-dev.vault.azure.net/secrets/sql-connection-string"
          },
          "sensitive_attributes": [
            [
              {
                "type": "get_attr",
                "value": "value"
              }
            ]
          ],
          "identity_schema_version": 0,
          "private": "eyJlMmJmYjczMC1lY2FhLTExZTYtOGY4OC0zNDM2M2JjN2M0YzAiOnsiY3JlYXRlIjoxODAwMDAwMDAwMDAwLCJkZWxldGUiOjE4MDAwMDAwMDAwMDAsInJlYWQiOjE4MDAwMDAwMDAwMDAsInVwZGF0ZSI6MTgwMDAwMDAwMDAwMH19",
          "dependencies": [
            "azurerm_key_vault.kiosk_kv",
            "azurerm_key_vault_access_policy.terraform_user",
            "azurerm_mssql_database.sql_db",
            "azurerm_mssql_server.sql_server",
            "azurerm_private_endpoint.sql_pe",
            "azurerm_resource_group.rg",
            "azurerm_subnet.pe_subnet",
            "azurerm_virtual_network.kiosk_vnet",
            "data.azurerm_client_config.current"
          ]
        }
      ]
    },
    {
      "mode": "managed",
      "type": "azurerm_mssql_database",
      "name": "sql_db",
      "provider": "provider[\"registry.terraform.io/hashicorp/azurerm\"]",
      "instances": [
        {
          "schema_version": 1,
          "attributes": {
            "auto_pause_delay_in_minutes": 0,
            "collation": "SQL_Latin1_General_CP1_CI_AS",
            "create_mode": "Default",
            "creation_source_database_id": null,
            "elastic_pool_id": "",
            "enclave_type": "",
            "geo_backup_enabled": true,
            "id": "/subscriptions/166246ea-06f9-4233-a142-f34b6ea54df1/resourceGroups/rg-kiosk-dev/providers/Microsoft.Sql/servers/sql-kiosk-dev/databases/db-kiosk",
            "identity": [],
            "import": [],
            "ledger_enabled": false,
            "license_type": "",
            "long_term_retention_policy": [
              {
                "immutable_backups_enabled": false,
                "monthly_retention": "PT0S",
                "week_of_year": 1,
                "weekly_retention": "PT0S",
                "yearly_retention": "PT0S"
              }
            ],
            "maintenance_configuration_name": "SQL_Default",
            "max_size_gb": 2,
            "min_capacity": 0,
            "name": "db-kiosk",
            "read_replica_count": 0,
            "read_scale": false,
            "recover_database_id": null,
            "restore_dropped_database_id": null,
            "restore_point_in_time": null,
            "sample_name": null,
            "server_id": "/subscriptions/166246ea-06f9-4233-a142-f34b6ea54df1/resourceGroups/rg-kiosk-dev/providers/Microsoft.Sql/servers/sql-kiosk-dev",
            "short_term_retention_policy": [
              {
                "backup_interval_in_hours": 24,
                "retention_days": 7
              }
            ],
            "sku_name": "Basic",
            "storage_account_type": "Geo",
            "tags": {},
            "threat_detection_policy": [
              {
                "disabled_alerts": [],
                "email_account_admins": "Disabled",
                "email_addresses": [],
                "retention_days": 0,
                "state": "Disabled",
                "storage_account_access_key": "",
                "storage_endpoint": ""
              }
            ],
            "timeouts": null,
            "transparent_data_encryption_enabled": true,
            "transparent_data_encryption_key_automatic_rotation_enabled": false,
            "transparent_data_encryption_key_vault_key_id": "",
            "zone_redundant": false
          },
          "sensitive_attributes": [
            [
              {
                "type": "get_attr",
                "value": "threat_detection_policy"
              },
              {
                "type": "index",
                "value": {
                  "value": 0,
                  "type": "number"
                }
              },
              {
                "type": "get_attr",
                "value": "storage_account_access_key"
              }
            ]
          ],
          "identity_schema_version": 0,
          "private": "eyJlMmJmYjczMC1lY2FhLTExZTYtOGY4OC0zNDM2M2JjN2M0YzAiOnsiY3JlYXRlIjozNjAwMDAwMDAwMDAwLCJkZWxldGUiOjM2MDAwMDAwMDAwMDAsInJlYWQiOjMwMDAwMDAwMDAwMCwidXBkYXRlIjozNjAwMDAwMDAwMDAwfSwic2NoZW1hX3ZlcnNpb24iOiIxIn0=",
          "dependencies": [
            "azurerm_mssql_server.sql_server",
            "azurerm_resource_group.rg"
          ]
        }
      ]
    },
    {
      "mode": "managed",
      "type": "azurerm_mssql_server",
      "name": "sql_server",
      "provider": "provider[\"registry.terraform.io/hashicorp/azurerm\"]",
      "instances": [
        {
          "schema_version": 0,
          "attributes": {
            "administrator_login": "sqladminuser",
            "administrator_login_password": "StrongP@ssword12345",
            "azuread_administrator": [],
            "connection_policy": "Default",
            "fully_qualified_domain_name": "sql-kiosk-dev.database.windows.net",
            "id": "/subscriptions/166246ea-06f9-4233-a142-f34b6ea54df1/resourceGroups/rg-kiosk-dev/providers/Microsoft.Sql/servers/sql-kiosk-dev",
            "identity": [],
            "location": "westus2",
            "minimum_tls_version": "1.2",
            "name": "sql-kiosk-dev",
            "outbound_network_restriction_enabled": false,
            "primary_user_assigned_identity_id": "",
            "public_network_access_enabled": false,
            "resource_group_name": "rg-kiosk-dev",
            "restorable_dropped_database_ids": [],
            "tags": {},
            "timeouts": null,
            "transparent_data_encryption_key_vault_key_id": "",
            "version": "12.0"
          },
          "sensitive_attributes": [
            [
              {
                "type": "get_attr",
                "value": "administrator_login_password"
              }
            ]
          ],
          "identity_schema_version": 0,
          "private": "eyJlMmJmYjczMC1lY2FhLTExZTYtOGY4OC0zNDM2M2JjN2M0YzAiOnsiY3JlYXRlIjozNjAwMDAwMDAwMDAwLCJkZWxldGUiOjM2MDAwMDAwMDAwMDAsInJlYWQiOjMwMDAwMDAwMDAwMCwidXBkYXRlIjozNjAwMDAwMDAwMDAwfX0=",
          "dependencies": [
            "azurerm_resource_group.rg"
          ]
        }
      ]
    },
    {
      "mode": "managed",
      "type": "azurerm_private_dns_a_record",
      "name": "kv_record",
      "provider": "provider[\"registry.terraform.io/hashicorp/azurerm\"]",
      "instances": [
        {
          "schema_version": 0,
          "attributes": {
            "fqdn": "kv-kiosk-dev.privatelink.vaultcore.azure.net.",
            "id": "/subscriptions/166246ea-06f9-4233-a142-f34b6ea54df1/resourceGroups/rg-kiosk-dev/providers/Microsoft.Network/privateDnsZones/privatelink.vaultcore.azure.net/A/kv-kiosk-dev",
            "name": "kv-kiosk-dev",
            "records": [
              "10.10.2.4"
            ],
            "resource_group_name": "rg-kiosk-dev",
            "tags": {},
            "timeouts": null,
            "ttl": 300,
            "zone_name": "privatelink.vaultcore.azure.net"
          },
          "sensitive_attributes": [],
          "identity_schema_version": 0,
          "private": "eyJlMmJmYjczMC1lY2FhLTExZTYtOGY4OC0zNDM2M2JjN2M0YzAiOnsiY3JlYXRlIjoxODAwMDAwMDAwMDAwLCJkZWxldGUiOjE4MDAwMDAwMDAwMDAsInJlYWQiOjMwMDAwMDAwMDAwMCwidXBkYXRlIjoxODAwMDAwMDAwMDAwfX0=",
          "dependencies": [
            "azurerm_key_vault.kiosk_kv",
            "azurerm_private_dns_zone.kv_dns",
            "azurerm_private_endpoint.kv_pe",
            "azurerm_resource_group.rg",
            "azurerm_subnet.pe_subnet",
            "azurerm_virtual_network.kiosk_vnet",
            "data.azurerm_client_config.current"
          ]
        }
      ]
    },
    {
      "mode": "managed",
      "type": "azurerm_private_dns_a_record",
      "name": "sql_record",
      "provider": "provider[\"registry.terraform.io/hashicorp/azurerm\"]",
      "instances": [
        {
          "schema_version": 0,
          "attributes": {
            "fqdn": "sql-kiosk-dev.privatelink.database.windows.net.",
            "id": "/subscriptions/166246ea-06f9-4233-a142-f34b6ea54df1/resourceGroups/rg-kiosk-dev/providers/Microsoft.Network/privateDnsZones/privatelink.database.windows.net/A/sql-kiosk-dev",
            "name": "sql-kiosk-dev",
            "records": [
              "10.10.2.5"
            ],
            "resource_group_name": "rg-kiosk-dev",
            "tags": {},
            "timeouts": null,
            "ttl": 300,
            "zone_name": "privatelink.database.windows.net"
          },
          "sensitive_attributes": [],
          "identity_schema_version": 0,
          "private": "eyJlMmJmYjczMC1lY2FhLTExZTYtOGY4OC0zNDM2M2JjN2M0YzAiOnsiY3JlYXRlIjoxODAwMDAwMDAwMDAwLCJkZWxldGUiOjE4MDAwMDAwMDAwMDAsInJlYWQiOjMwMDAwMDAwMDAwMCwidXBkYXRlIjoxODAwMDAwMDAwMDAwfX0=",
          "dependencies": [
            "azurerm_mssql_server.sql_server",
            "azurerm_private_dns_zone.sql_dns",
            "azurerm_private_endpoint.sql_pe",
            "azurerm_resource_group.rg",
            "azurerm_subnet.pe_subnet",
            "azurerm_virtual_network.kiosk_vnet"
          ]
        }
      ]
    },
    {
      "mode": "managed",
      "type": "azurerm_private_dns_zone",
      "name": "kv_dns",
      "provider": "provider[\"registry.terraform.io/hashicorp/azurerm\"]",
      "instances": [
        {
          "schema_version": 0,
          "attributes": {
            "id": "/subscriptions/166246ea-06f9-4233-a142-f34b6ea54df1/resourceGroups/rg-kiosk-dev/providers/Microsoft.Network/privateDnsZones/privatelink.vaultcore.azure.net",
            "max_number_of_record_sets": 25000,
            "max_number_of_virtual_network_links": 1000,
            "max_number_of_virtual_network_links_with_registration": 100,
            "name": "privatelink.vaultcore.azure.net",
            "number_of_record_sets": 2,
            "resource_group_name": "rg-kiosk-dev",
            "soa_record": [
              {
                "email": "azureprivatedns-host.microsoft.com",
                "expire_time": 2419200,
                "fqdn": "privatelink.vaultcore.azure.net.",
                "host_name": "azureprivatedns.net",
                "minimum_ttl": 10,
                "refresh_time": 3600,
                "retry_time": 300,
                "serial_number": 1,
                "tags": {},
                "ttl": 3600
              }
            ],
            "tags": {},
            "timeouts": null
          },
          "sensitive_attributes": [],
          "identity_schema_version": 0,
          "private": "eyJlMmJmYjczMC1lY2FhLTExZTYtOGY4OC0zNDM2M2JjN2M0YzAiOnsiY3JlYXRlIjoxODAwMDAwMDAwMDAwLCJkZWxldGUiOjE4MDAwMDAwMDAwMDAsInJlYWQiOjMwMDAwMDAwMDAwMCwidXBkYXRlIjoxODAwMDAwMDAwMDAwfX0=",
          "dependencies": [
            "azurerm_resource_group.rg"
          ]
        }
      ]
    },
    {
      "mode": "managed",
      "type": "azurerm_private_dns_zone",
      "name": "sql_dns",
      "provider": "provider[\"registry.terraform.io/hashicorp/azurerm\"]",
      "instances": [
        {
          "schema_version": 0,
          "attributes": {
            "id": "/subscriptions/166246ea-06f9-4233-a142-f34b6ea54df1/resourceGroups/rg-kiosk-dev/providers/Microsoft.Network/privateDnsZones/privatelink.database.windows.net",
            "max_number_of_record_sets": 25000,
            "max_number_of_virtual_network_links": 1000,
            "max_number_of_virtual_network_links_with_registration": 100,
            "name": "privatelink.database.windows.net",
            "number_of_record_sets": 2,
            "resource_group_name": "rg-kiosk-dev",
            "soa_record": [
              {
                "email": "azureprivatedns-host.microsoft.com",
                "expire_time": 2419200,
                "fqdn": "privatelink.database.windows.net.",
                "host_name": "azureprivatedns.net",
                "minimum_ttl": 10,
                "refresh_time": 3600,
                "retry_time": 300,
                "serial_number": 1,
                "tags": {},
                "ttl": 3600
              }
            ],
            "tags": {},
            "timeouts": null
          },
          "sensitive_attributes": [],
          "identity_schema_version": 0,
          "private": "eyJlMmJmYjczMC1lY2FhLTExZTYtOGY4OC0zNDM2M2JjN2M0YzAiOnsiY3JlYXRlIjoxODAwMDAwMDAwMDAwLCJkZWxldGUiOjE4MDAwMDAwMDAwMDAsInJlYWQiOjMwMDAwMDAwMDAwMCwidXBkYXRlIjoxODAwMDAwMDAwMDAwfX0=",
          "dependencies": [
            "azurerm_resource_group.rg"
          ]
        }
      ]
    },
    {
      "mode": "managed",
      "type": "azurerm_private_dns_zone_virtual_network_link",
      "name": "kv_dns_link",
      "provider": "provider[\"registry.terraform.io/hashicorp/azurerm\"]",
      "instances": [
        {
          "schema_version": 0,
          "attributes": {
            "id": "/subscriptions/166246ea-06f9-4233-a142-f34b6ea54df1/resourceGroups/rg-kiosk-dev/providers/Microsoft.Network/privateDnsZones/privatelink.vaultcore.azure.net/virtualNetworkLinks/dnslink-kv",
            "name": "dnslink-kv",
            "private_dns_zone_name": "privatelink.vaultcore.azure.net",
            "registration_enabled": false,
            "resource_group_name": "rg-kiosk-dev",
            "tags": {},
            "timeouts": null,
            "virtual_network_id": "/subscriptions/166246ea-06f9-4233-a142-f34b6ea54df1/resourceGroups/rg-kiosk-dev/providers/Microsoft.Network/virtualNetworks/vnet-kiosk-dev"
          },
          "sensitive_attributes": [],
          "identity_schema_version": 0,
          "private": "eyJlMmJmYjczMC1lY2FhLTExZTYtOGY4OC0zNDM2M2JjN2M0YzAiOnsiY3JlYXRlIjoxODAwMDAwMDAwMDAwLCJkZWxldGUiOjE4MDAwMDAwMDAwMDAsInJlYWQiOjMwMDAwMDAwMDAwMCwidXBkYXRlIjoxODAwMDAwMDAwMDAwfX0=",
          "dependencies": [
            "azurerm_private_dns_zone.kv_dns",
            "azurerm_resource_group.rg",
            "azurerm_virtual_network.kiosk_vnet"
          ]
        }
      ]
    },
    {
      "mode": "managed",
      "type": "azurerm_private_dns_zone_virtual_network_link",
      "name": "sql_dns_link",
      "provider": "provider[\"registry.terraform.io/hashicorp/azurerm\"]",
      "instances": [
        {
          "schema_version": 0,
          "attributes": {
            "id": "/subscriptions/166246ea-06f9-4233-a142-f34b6ea54df1/resourceGroups/rg-kiosk-dev/providers/Microsoft.Network/privateDnsZones/privatelink.database.windows.net/virtualNetworkLinks/dnslink-sql",
            "name": "dnslink-sql",
            "private_dns_zone_name": "privatelink.database.windows.net",
            "registration_enabled": false,
            "resource_group_name": "rg-kiosk-dev",
            "tags": {},
            "timeouts": null,
            "virtual_network_id": "/subscriptions/166246ea-06f9-4233-a142-f34b6ea54df1/resourceGroups/rg-kiosk-dev/providers/Microsoft.Network/virtualNetworks/vnet-kiosk-dev"
          },
          "sensitive_attributes": [],
          "identity_schema_version": 0,
          "private": "eyJlMmJmYjczMC1lY2FhLTExZTYtOGY4OC0zNDM2M2JjN2M0YzAiOnsiY3JlYXRlIjoxODAwMDAwMDAwMDAwLCJkZWxldGUiOjE4MDAwMDAwMDAwMDAsInJlYWQiOjMwMDAwMDAwMDAwMCwidXBkYXRlIjoxODAwMDAwMDAwMDAwfX0=",
          "dependencies": [
            "azurerm_private_dns_zone.sql_dns",
            "azurerm_resource_group.rg",
            "azurerm_virtual_network.kiosk_vnet"
          ]
        }
      ]
    },
    {
      "mode": "managed",
      "type": "azurerm_private_endpoint",
      "name": "kv_pe",
      "provider": "provider[\"registry.terraform.io/hashicorp/azurerm\"]",
      "instances": [
        {
          "schema_version": 0,
          "attributes": {
            "custom_dns_configs": [
              {
                "fqdn": "kv-kiosk-dev.vault.azure.net",
                "ip_addresses": [
                  "10.10.2.4"
                ]
              }
            ],
            "custom_network_interface_name": "",
            "id": "/subscriptions/166246ea-06f9-4233-a142-f34b6ea54df1/resourceGroups/rg-kiosk-dev/providers/Microsoft.Network/privateEndpoints/pe-kv-kiosk-dev",
            "ip_configuration": [],
            "location": "westus2",
            "name": "pe-kv-kiosk-dev",
            "network_interface": [
              {
                "id": "/subscriptions/166246ea-06f9-4233-a142-f34b6ea54df1/resourceGroups/rg-kiosk-dev/providers/Microsoft.Network/networkInterfaces/pe-kv-kiosk-dev.nic.50b5022b-6406-4cd1-89ce-85ab39649498",
                "name": "pe-kv-kiosk-dev.nic.50b5022b-6406-4cd1-89ce-85ab39649498"
              }
            ],
            "private_dns_zone_configs": [],
            "private_dns_zone_group": [],
            "private_service_connection": [
              {
                "is_manual_connection": false,
                "name": "kv-connection",
                "private_connection_resource_alias": "",
                "private_connection_resource_id": "/subscriptions/166246ea-06f9-4233-a142-f34b6ea54df1/resourceGroups/rg-kiosk-dev/providers/Microsoft.KeyVault/vaults/kv-kiosk-dev",
                "private_ip_address": "10.10.2.4",
                "request_message": "",
                "subresource_names": [
                  "vault"
                ]
              }
            ],
            "resource_group_name": "rg-kiosk-dev",
            "subnet_id": "/subscriptions/166246ea-06f9-4233-a142-f34b6ea54df1/resourceGroups/rg-kiosk-dev/providers/Microsoft.Network/virtualNetworks/vnet-kiosk-dev/subnets/subnet-private-endpoints",
            "tags": {},
            "timeouts": null
          },
          "sensitive_attributes": [],
          "identity_schema_version": 0,
          "private": "eyJlMmJmYjczMC1lY2FhLTExZTYtOGY4OC0zNDM2M2JjN2M0YzAiOnsiY3JlYXRlIjozNjAwMDAwMDAwMDAwLCJkZWxldGUiOjM2MDAwMDAwMDAwMDAsInJlYWQiOjMwMDAwMDAwMDAwMCwidXBkYXRlIjozNjAwMDAwMDAwMDAwfX0=",
          "dependencies": [
            "azurerm_key_vault.kiosk_kv",
            "azurerm_resource_group.rg",
            "azurerm_subnet.pe_subnet",
            "azurerm_virtual_network.kiosk_vnet",
            "data.azurerm_client_config.current"
          ]
        }
      ]
    },
    {
      "mode": "managed",
      "type": "azurerm_private_endpoint",
      "name": "sql_pe",
      "provider": "provider[\"registry.terraform.io/hashicorp/azurerm\"]",
      "instances": [
        {
          "schema_version": 0,
          "attributes": {
            "custom_dns_configs": [
              {
                "fqdn": "sql-kiosk-dev.database.windows.net",
                "ip_addresses": [
                  "10.10.2.5"
                ]
              }
            ],
            "custom_network_interface_name": "",
            "id": "/subscriptions/166246ea-06f9-4233-a142-f34b6ea54df1/resourceGroups/rg-kiosk-dev/providers/Microsoft.Network/privateEndpoints/pe-sql-kiosk-dev",
            "ip_configuration": [],
            "location": "westus2",
            "name": "pe-sql-kiosk-dev",
            "network_interface": [
              {
                "id": "/subscriptions/166246ea-06f9-4233-a142-f34b6ea54df1/resourceGroups/rg-kiosk-dev/providers/Microsoft.Network/networkInterfaces/pe-sql-kiosk-dev.nic.e4b4595f-67a2-4efd-9934-054d7519f4ff",
                "name": "pe-sql-kiosk-dev.nic.e4b4595f-67a2-4efd-9934-054d7519f4ff"
              }
            ],
            "private_dns_zone_configs": [],
            "private_dns_zone_group": [],
            "private_service_connection": [
              {
                "is_manual_connection": false,
                "name": "sql-connection",
                "private_connection_resource_alias": "",
                "private_connection_resource_id": "/subscriptions/166246ea-06f9-4233-a142-f34b6ea54df1/resourceGroups/rg-kiosk-dev/providers/Microsoft.Sql/servers/sql-kiosk-dev",
                "private_ip_address": "10.10.2.5",
                "request_message": "",
                "subresource_names": [
                  "sqlServer"
                ]
              }
            ],
            "resource_group_name": "rg-kiosk-dev",
            "subnet_id": "/subscriptions/166246ea-06f9-4233-a142-f34b6ea54df1/resourceGroups/rg-kiosk-dev/providers/Microsoft.Network/virtualNetworks/vnet-kiosk-dev/subnets/subnet-private-endpoints",
            "tags": {},
            "timeouts": null
          },
          "sensitive_attributes": [],
          "identity_schema_version": 0,
          "private": "eyJlMmJmYjczMC1lY2FhLTExZTYtOGY4OC0zNDM2M2JjN2M0YzAiOnsiY3JlYXRlIjozNjAwMDAwMDAwMDAwLCJkZWxldGUiOjM2MDAwMDAwMDAwMDAsInJlYWQiOjMwMDAwMDAwMDAwMCwidXBkYXRlIjozNjAwMDAwMDAwMDAwfX0=",
          "dependencies": [
            "azurerm_mssql_server.sql_server",
            "azurerm_resource_group.rg",
            "azurerm_subnet.pe_subnet",
            "azurerm_virtual_network.kiosk_vnet"
          ]
        }
      ]
    },
    {
      "mode": "managed",
      "type": "azurerm_resource_group",
      "name": "rg",
      "provider": "provider[\"registry.terraform.io/hashicorp/azurerm\"]",
      "instances": [
        {
          "schema_version": 0,
          "attributes": {
            "id": "/subscriptions/166246ea-06f9-4233-a142-f34b6ea54df1/resourceGroups/rg-kiosk-dev",
            "location": "westus2",
            "managed_by": "",
            "name": "rg-kiosk-dev",
            "tags": {},
            "timeouts": null
          },
          "sensitive_attributes": [],
          "identity_schema_version": 0,
          "private": "eyJlMmJmYjczMC1lY2FhLTExZTYtOGY4OC0zNDM2M2JjN2M0YzAiOnsiY3JlYXRlIjo1NDAwMDAwMDAwMDAwLCJkZWxldGUiOjU0MDAwMDAwMDAwMDAsInJlYWQiOjMwMDAwMDAwMDAwMCwidXBkYXRlIjo1NDAwMDAwMDAwMDAwfX0="
        }
      ]
    },
    {
      "mode": "managed",
      "type": "azurerm_service_plan",
      "name": "plan",
      "provider": "provider[\"registry.terraform.io/hashicorp/azurerm\"]",
      "instances": [
        {
          "schema_version": 1,
          "attributes": {
            "app_service_environment_id": "",
            "id": "/subscriptions/166246ea-06f9-4233-a142-f34b6ea54df1/resourceGroups/rg-kiosk-dev/providers/Microsoft.Web/serverFarms/asp-kiosk-dev",
            "kind": "app",
            "location": "westus2",
            "maximum_elastic_worker_count": 1,
            "name": "asp-kiosk-dev",
            "os_type": "Windows",
            "per_site_scaling_enabled": false,
            "reserved": false,
            "resource_group_name": "rg-kiosk-dev",
            "sku_name": "B1",
            "tags": {},
            "timeouts": null,
            "worker_count": 1,
            "zone_balancing_enabled": false
          },
          "sensitive_attributes": [],
          "identity_schema_version": 0,
          "private": "eyJlMmJmYjczMC1lY2FhLTExZTYtOGY4OC0zNDM2M2JjN2M0YzAiOnsiY3JlYXRlIjozNjAwMDAwMDAwMDAwLCJkZWxldGUiOjM2MDAwMDAwMDAwMDAsInJlYWQiOjMwMDAwMDAwMDAwMCwidXBkYXRlIjozNjAwMDAwMDAwMDAwfSwic2NoZW1hX3ZlcnNpb24iOiIxIn0=",
          "dependencies": [
            "azurerm_resource_group.rg"
          ]
        }
      ]
    },
    {
      "mode": "managed",
      "type": "azurerm_subnet",
      "name": "appservice_subnet",
      "provider": "provider[\"registry.terraform.io/hashicorp/azurerm\"]",
      "instances": [
        {
          "schema_version": 0,
          "attributes": {
            "address_prefixes": [
              "10.10.1.0/24"
            ],
            "delegation": [
              {
                "name": "delegation_app_service",
                "service_delegation": [
                  {
                    "actions": [
                      "Microsoft.Network/virtualNetworks/subnets/action"
                    ],
                    "name": "Microsoft.Web/serverFarms"
                  }
                ]
              }
            ],
            "enforce_private_link_endpoint_network_policies": false,
            "enforce_private_link_service_network_policies": false,
            "id": "/subscriptions/166246ea-06f9-4233-a142-f34b6ea54df1/resourceGroups/rg-kiosk-dev/providers/Microsoft.Network/virtualNetworks/vnet-kiosk-dev/subnets/subnet-appservice",
            "name": "subnet-appservice",
            "private_endpoint_network_policies_enabled": true,
            "private_link_service_network_policies_enabled": true,
            "resource_group_name": "rg-kiosk-dev",
            "service_endpoint_policy_ids": [],
            "service_endpoints": [],
            "timeouts": null,
            "virtual_network_name": "vnet-kiosk-dev"
          },
          "sensitive_attributes": [],
          "identity_schema_version": 0,
          "private": "eyJlMmJmYjczMC1lY2FhLTExZTYtOGY4OC0zNDM2M2JjN2M0YzAiOnsiY3JlYXRlIjoxODAwMDAwMDAwMDAwLCJkZWxldGUiOjE4MDAwMDAwMDAwMDAsInJlYWQiOjMwMDAwMDAwMDAwMCwidXBkYXRlIjoxODAwMDAwMDAwMDAwfX0=",
          "dependencies": [
            "azurerm_resource_group.rg",
            "azurerm_virtual_network.kiosk_vnet"
          ]
        }
      ]
    },
    {
      "mode": "managed",
      "type": "azurerm_subnet",
      "name": "pe_subnet",
      "provider": "provider[\"registry.terraform.io/hashicorp/azurerm\"]",
      "instances": [
        {
          "schema_version": 0,
          "attributes": {
            "address_prefixes": [
              "10.10.2.0/24"
            ],
            "delegation": [],
            "enforce_private_link_endpoint_network_policies": false,
            "enforce_private_link_service_network_policies": false,
            "id": "/subscriptions/166246ea-06f9-4233-a142-f34b6ea54df1/resourceGroups/rg-kiosk-dev/providers/Microsoft.Network/virtualNetworks/vnet-kiosk-dev/subnets/subnet-private-endpoints",
            "name": "subnet-private-endpoints",
            "private_endpoint_network_policies_enabled": true,
            "private_link_service_network_policies_enabled": true,
            "resource_group_name": "rg-kiosk-dev",
            "service_endpoint_policy_ids": [],
            "service_endpoints": [],
            "timeouts": null,
            "virtual_network_name": "vnet-kiosk-dev"
          },
          "sensitive_attributes": [],
          "identity_schema_version": 0,
          "private": "eyJlMmJmYjczMC1lY2FhLTExZTYtOGY4OC0zNDM2M2JjN2M0YzAiOnsiY3JlYXRlIjoxODAwMDAwMDAwMDAwLCJkZWxldGUiOjE4MDAwMDAwMDAwMDAsInJlYWQiOjMwMDAwMDAwMDAwMCwidXBkYXRlIjoxODAwMDAwMDAwMDAwfX0=",
          "dependencies": [
            "azurerm_resource_group.rg",
            "azurerm_virtual_network.kiosk_vnet"
          ]
        }
      ]
    },
    {
      "mode": "managed",
      "type": "azurerm_virtual_network",
      "name": "kiosk_vnet",
      "provider": "provider[\"registry.terraform.io/hashicorp/azurerm\"]",
      "instances": [
        {
          "schema_version": 0,
          "attributes": {
            "address_space": [
              "10.10.0.0/16"
            ],
            "bgp_community": "",
            "ddos_protection_plan": [],
            "dns_servers": [],
            "edge_zone": "",
            "encryption": [],
            "flow_timeout_in_minutes": 0,
            "guid": "880d6592-408f-46f6-9ad7-1071e724efd5",
            "id": "/subscriptions/166246ea-06f9-4233-a142-f34b6ea54df1/resourceGroups/rg-kiosk-dev/providers/Microsoft.Network/virtualNetworks/vnet-kiosk-dev",
            "location": "westus2",
            "name": "vnet-kiosk-dev",
            "resource_group_name": "rg-kiosk-dev",
            "subnet": [
              {
                "address_prefix": "10.10.1.0/24",
                "id": "/subscriptions/166246ea-06f9-4233-a142-f34b6ea54df1/resourceGroups/rg-kiosk-dev/providers/Microsoft.Network/virtualNetworks/vnet-kiosk-dev/subnets/subnet-appservice",
                "name": "subnet-appservice",
                "security_group": ""
              },
              {
                "address_prefix": "10.10.2.0/24",
                "id": "/subscriptions/166246ea-06f9-4233-a142-f34b6ea54df1/resourceGroups/rg-kiosk-dev/providers/Microsoft.Network/virtualNetworks/vnet-kiosk-dev/subnets/subnet-private-endpoints",
                "name": "subnet-private-endpoints",
                "security_group": ""
              }
            ],
            "tags": {},
            "timeouts": null
          },
          "sensitive_attributes": [],
          "identity_schema_version": 0,
          "private": "eyJlMmJmYjczMC1lY2FhLTExZTYtOGY4OC0zNDM2M2JjN2M0YzAiOnsiY3JlYXRlIjoxODAwMDAwMDAwMDAwLCJkZWxldGUiOjE4MDAwMDAwMDAwMDAsInJlYWQiOjMwMDAwMDAwMDAwMCwidXBkYXRlIjoxODAwMDAwMDAwMDAwfSwic2NoZW1hX3ZlcnNpb24iOiIwIn0=",
          "dependencies": [
            "azurerm_resource_group.rg"
          ]
        }
      ]
    },
    {
      "mode": "managed",
      "type": "azurerm_windows_web_app",
      "name": "app",
      "provider": "provider[\"registry.terraform.io/hashicorp/azurerm\"]",
      "instances": [
        {
          "schema_version": 1,
          "attributes": {
            "app_settings": {
              "ENVIRONMENT": "DEV",
              "WEBSITE_RUN_FROM_PACKAGE": "0"
            },
            "auth_settings": [],
            "auth_settings_v2": [],
            "backup": [],
            "client_affinity_enabled": false,
            "client_certificate_enabled": false,
            "client_certificate_exclusion_paths": "",
            "client_certificate_mode": "Required",
            "connection_string": [],
            "custom_domain_verification_id": "57E745C10C8165E6C7D378844CE9B7A58F8159AFB852D9B0B061592A0A39B30B",
            "default_hostname": "app-kiosk-getavailabledates-dev.azurewebsites.net",
            "enabled": true,
            "ftp_publish_basic_authentication_enabled": true,
            "hosting_environment_id": "",
            "https_only": true,
            "id": "/subscriptions/166246ea-06f9-4233-a142-f34b6ea54df1/resourceGroups/rg-kiosk-dev/providers/Microsoft.Web/sites/app-kiosk-getavailabledates-dev",
            "identity": [
              {
                "identity_ids": [],
                "principal_id": "3308857f-7928-4dcd-a483-dfdbaa5bb06d",
                "tenant_id": "146a0636-ce74-473e-b39a-563ffa0239a1",
                "type": "SystemAssigned"
              }
            ],
            "key_vault_reference_identity_id": "SystemAssigned",
            "kind": "app",
            "location": "westus2",
            "logs": [],
            "name": "app-kiosk-getavailabledates-dev",
            "outbound_ip_address_list": [
              "52.143.79.182",
              "52.143.88.5",
              "52.143.88.126",
              "52.143.88.180",
              "52.143.88.185",
              "52.143.89.69",
              "20.115.232.13"
            ],
            "outbound_ip_addresses": "52.143.79.182,52.143.88.5,52.143.88.126,52.143.88.180,52.143.88.185,52.143.89.69,20.115.232.13",
            "possible_outbound_ip_address_list": [
              "52.143.79.182",
              "52.143.88.5",
              "52.143.88.126",
              "52.143.88.180",
              "52.143.88.185",
              "52.143.89.69",
              "172.179.88.19",
              "52.143.89.170",
              "52.137.89.28",
              "52.143.91.91",
              "52.143.94.28",
              "52.143.95.21",
              "52.143.95.44",
              "52.143.95.85",
              "52.143.95.100",
              "52.143.95.254",
              "52.148.160.105",
              "52.148.160.219",
              "52.148.160.239",
              "52.148.161.3",
              "52.148.161.51",
              "52.148.161.64",
              "52.148.161.104",
              "52.148.161.112",
              "52.148.161.127",
              "51.143.111.95",
              "52.148.161.251",
              "52.148.162.119",
              "52.143.72.92",
              "52.137.95.234",
              "52.148.163.22",
              "20.115.232.13"
            ],
            "possible_outbound_ip_addresses": "52.143.79.182,52.143.88.5,52.143.88.126,52.143.88.180,52.143.88.185,52.143.89.69,172.179.88.19,52.143.89.170,52.137.89.28,52.143.91.91,52.143.94.28,52.143.95.21,52.143.95.44,52.143.95.85,52.143.95.100,52.143.95.254,52.148.160.105,52.148.160.219,52.148.160.239,52.148.161.3,52.148.161.51,52.148.161.64,52.148.161.104,52.148.161.112,52.148.161.127,51.143.111.95,52.148.161.251,52.148.162.119,52.143.72.92,52.137.95.234,52.148.163.22,20.115.232.13",
            "public_network_access_enabled": true,
            "resource_group_name": "rg-kiosk-dev",
            "service_plan_id": "/subscriptions/166246ea-06f9-4233-a142-f34b6ea54df1/resourceGroups/rg-kiosk-dev/providers/Microsoft.Web/serverFarms/asp-kiosk-dev",
            "site_config": [
              {
                "always_on": true,
                "api_definition_url": "",
                "api_management_api_id": "",
                "app_command_line": "",
                "application_stack": [
                  {
                    "current_stack": "",
                    "docker_container_name": "",
                    "docker_container_registry": "",
                    "docker_container_tag": "",
                    "docker_image_name": "",
                    "docker_registry_password": "",
                    "docker_registry_url": "",
                    "docker_registry_username": "",
                    "dotnet_core_version": "",
                    "dotnet_version": "v8.0",
                    "java_container": "",
                    "java_container_version": "",
                    "java_embedded_server_enabled": false,
                    "java_version": "",
                    "node_version": "",
                    "php_version": "5.6",
                    "python": false,
                    "python_version": "",
                    "tomcat_version": ""
                  }
                ],
                "auto_heal_enabled": false,
                "auto_heal_setting": [],
                "container_registry_managed_identity_client_id": "",
                "container_registry_use_managed_identity": false,
                "cors": [],
                "default_documents": [
                  "Default.htm",
                  "Default.html",
                  "Default.asp",
                  "index.htm",
                  "index.html",
                  "iisstart.htm",
                  "default.aspx",
                  "index.php",
                  "hostingstart.html"
                ],
                "detailed_error_logging_enabled": false,
                "ftps_state": "Disabled",
                "health_check_eviction_time_in_min": 0,
                "health_check_path": "",
                "http2_enabled": false,
                "ip_restriction": [],
                "linux_fx_version": "",
                "load_balancing_mode": "LeastRequests",
                "local_mysql_enabled": false,
                "managed_pipeline_mode": "Integrated",
                "minimum_tls_version": "1.2",
                "remote_debugging_enabled": false,
                "remote_debugging_version": "VS2022",
                "scm_ip_restriction": [],
                "scm_minimum_tls_version": "1.2",
                "scm_type": "None",
                "scm_use_main_ip_restriction": false,
                "use_32_bit_worker": true,
                "virtual_application": [],
                "vnet_route_all_enabled": false,
                "websockets_enabled": false,
                "windows_fx_version": "",
                "worker_count": 1
              }
            ],
            "site_credential": [
              {
                "name": "$app-kiosk-getavailabledates-dev",
                "password": "AnTt5RYYLaKvxbrbft5Qwi9u6TgnmoLMlSc5wZ0wSlxYBY0m1pvsNqWq5cDo"
              }
            ],
            "sticky_settings": [],
            "storage_account": [],
            "tags": {},
            "timeouts": null,
            "virtual_network_subnet_id": "",
            "webdeploy_publish_basic_authentication_enabled": true,
            "zip_deploy_file": ""
          },
          "sensitive_attributes": [
            [
              {
                "type": "get_attr",
                "value": "custom_domain_verification_id"
              }
            ],
            [
              {
                "type": "get_attr",
                "value": "site_config"
              },
              {
                "type": "index",
                "value": {
                  "value": 0,
                  "type": "number"
                }
              },
              {
                "type": "get_attr",
                "value": "application_stack"
              },
              {
                "type": "index",
                "value": {
                  "value": 0,
                  "type": "number"
                }
              },
              {
                "type": "get_attr",
                "value": "docker_registry_password"
              }
            ],
            [
              {
                "type": "get_attr",
                "value": "site_credential"
              }
            ]
          ],
          "identity_schema_version": 0,
          "private": "eyJlMmJmYjczMC1lY2FhLTExZTYtOGY4OC0zNDM2M2JjN2M0YzAiOnsiY3JlYXRlIjoxODAwMDAwMDAwMDAwLCJkZWxldGUiOjE4MDAwMDAwMDAwMDAsInJlYWQiOjMwMDAwMDAwMDAwMCwidXBkYXRlIjoxODAwMDAwMDAwMDAwfSwic2NoZW1hX3ZlcnNpb24iOiIxIn0=",
          "dependencies": [
            "azurerm_key_vault.kiosk_kv",
            "azurerm_key_vault_access_policy.terraform_user",
            "azurerm_key_vault_secret.sql_conn",
            "azurerm_mssql_database.sql_db",
            "azurerm_mssql_server.sql_server",
            "azurerm_private_endpoint.sql_pe",
            "azurerm_resource_group.rg",
            "azurerm_service_plan.plan",
            "azurerm_subnet.pe_subnet",
            "azurerm_virtual_network.kiosk_vnet",
            "data.azurerm_client_config.current"
          ]
        }
      ]
    }
  ],
  "check_results": null
}
